
Microsoft Visual Studio Solution File, Format Version 12.00
# Visual Studio Version 17
VisualStudioVersion = 17.5.33414.496
MinimumVisualStudioVersion = 10.0.40219.1
Project("{9A19103F-16F7-4668-BE54-9A1E7A4F7556}") = "Example", "Example\Example.csproj", "{5138B95B-F1CF-4125-A4FC-883173BA2FEA}"
EndProject
Project("{9A19103F-16F7-4668-BE54-9A1E7A4F7556}") = "FineSliderNet", "FineSliderNet\FineSliderNet.csproj", "{75D48D90-7B7C-4658-A543-BEE00C5F3595}"
EndProject
Global
	GlobalSection(SolutionConfigurationPlatforms) = preSolution
		Debug|Any CPU = Debug|Any CPU
		Release|Any CPU = Release|Any CPU
	EndGlobalSection
	GlobalSection(ProjectConfigurationPlatforms) = postSolution
		{5138B95B-F1CF-4125-A4FC-883173BA2FEA}.Debug|Any CPU.ActiveCfg = Debug|Any CPU
		{5138B95B-F1CF-4125-A4FC-883173BA2FEA}.Debug|Any CPU.Build.0 = Debug|Any CPU
		{5138B95B-F1CF-4125-A4FC-883173BA2FEA}.Release|Any CPU.ActiveCfg = Release|Any CPU
		{5138B95B-F1CF-4125-A4FC-883173BA2FEA}.Release|Any CPU.Build.0 = Release|Any CPU
		{75D48D90-7B7C-4658-A543-BEE00C5F3595}.Debug|Any CPU.ActiveCfg = Debug|Any CPU
		{75D48D90-7B7C-4658-A543-BEE00C5F3595}.Debug|Any CPU.Build.0 = Debug|Any CPU
		{75D48D90-7B7C-4658-A543-BEE00C5F3595}.Release|Any CPU.ActiveCfg = Release|Any CPU
		{75D48D90-7B7C-4658-A543-BEE00C5F3595}.Release|Any CPU.Build.0 = Release|Any CPU
	EndGlobalSection
	GlobalSection(SolutionProperties) = preSolution
		HideSolutionNode = FALSE
	EndGlobalSection
	GlobalSection(ExtensibilityGlobals) = postSolution
		SolutionGuid = {42791856-134D-4DFE-AF28-569CABDA83C1}
	EndGlobalSection
EndGlobal
